
Microsoft Visual Studio Solution File, Format Version 12.00
# Visual Studio Version 17
VisualStudioVersion = 17.4.33205.214
MinimumVisualStudioVersion = 10.0.40219.1
Project("{FAE04EC0-301F-11D3-BF4B-00C04F79EFBC}") = "restapi", "restapi\restapi.csproj", "{4EEC3E85-DB29-46E0-A676-5F978E2039FF}"
EndProject
Global
	GlobalSection(SolutionConfigurationPlatforms) = preSolution
		Debug|Any CPU = Debug|Any CPU
		Release|Any CPU = Release|Any CPU
	EndGlobalSection
	GlobalSection(ProjectConfigurationPlatforms) = postSolution
		{4EEC3E85-DB29-46E0-A676-5F978E2039FF}.Debug|Any CPU.ActiveCfg = Debug|Any CPU
		{4EEC3E85-DB29-46E0-A676-5F978E2039FF}.Debug|Any CPU.Build.0 = Debug|Any CPU
		{4EEC3E85-DB29-46E0-A676-5F978E2039FF}.Release|Any CPU.ActiveCfg = Release|Any CPU
		{4EEC3E85-DB29-46E0-A676-5F978E2039FF}.Release|Any CPU.Build.0 = Release|Any CPU
	EndGlobalSection
	GlobalSection(SolutionProperties) = preSolution
		HideSolutionNode = FALSE
	EndGlobalSection
	GlobalSection(ExtensibilityGlobals) = postSolution
		SolutionGuid = {E7AC1EE4-BE8B-4DF0-8B74-2A267D281195}
	EndGlobalSection
EndGlobal
